
Microsoft Visual Studio Solution File, Format Version 12.00
# Visual Studio Version 17
VisualStudioVersion = 17.8.34525.116
MinimumVisualStudioVersion = 10.0.40219.1
Project("{FAE04EC0-301F-11D3-BF4B-00C04F79EFBC}") = "IFMS_Master_Backend", "IFMS_Master_Backend.csproj", "{DBF6A794-5CD4-4EB9-A3CE-0A5E03D6D8C5}"
EndProject
Global
	GlobalSection(SolutionConfigurationPlatforms) = preSolution
		Debug|Any CPU = Debug|Any CPU
		Release|Any CPU = Release|Any CPU
	EndGlobalSection
	GlobalSection(ProjectConfigurationPlatforms) = postSolution
		{DBF6A794-5CD4-4EB9-A3CE-0A5E03D6D8C5}.Debug|Any CPU.ActiveCfg = Debug|Any CPU
		{DBF6A794-5CD4-4EB9-A3CE-0A5E03D6D8C5}.Debug|Any CPU.Build.0 = Debug|Any CPU
		{DBF6A794-5CD4-4EB9-A3CE-0A5E03D6D8C5}.Release|Any CPU.ActiveCfg = Release|Any CPU
		{DBF6A794-5CD4-4EB9-A3CE-0A5E03D6D8C5}.Release|Any CPU.Build.0 = Release|Any CPU
	EndGlobalSection
	GlobalSection(SolutionProperties) = preSolution
		HideSolutionNode = FALSE
	EndGlobalSection
	GlobalSection(ExtensibilityGlobals) = postSolution
		SolutionGuid = {C13F0F49-7284-424F-B8AA-8CCE54EE2407}
	EndGlobalSection
EndGlobal
